# THIS IS AN AUTOGENERATED FILE. DO NOT EDIT THIS FILE DIRECTLY.
# yarn lockfile v1


"@vercel/analytics@^1.4.1":
  version "1.4.1"
  resolved "https://registry.yarnpkg.com/@vercel/analytics/-/analytics-1.4.1.tgz#a28a93133d68b6e3d86884a52fa7893f5ecaa381"
  integrity sha512-ekpL4ReX2TH3LnrRZTUKjHHNpNy9S1I7QmS+g/RQXoSUQ8ienzosuX7T9djZ/s8zPhBx1mpHP/Rw5875N+zQIQ==
